
Microsoft Visual Studio Solution File, Format Version 12.00
# Visual Studio Version 17
VisualStudioVersion = 17.11.35327.3
MinimumVisualStudioVersion = 10.0.40219.1
Project("{FAE04EC0-301F-11D3-BF4B-00C04F79EFBC}") = "09.26.24 HW", "09.26.24 HW\09.26.24 HW.csproj", "{FD11B751-77D7-46A0-AA60-8D25F11F5745}"
EndProject
Global
	GlobalSection(SolutionConfigurationPlatforms) = preSolution
		Debug|Any CPU = Debug|Any CPU
		Release|Any CPU = Release|Any CPU
	EndGlobalSection
	GlobalSection(ProjectConfigurationPlatforms) = postSolution
		{FD11B751-77D7-46A0-AA60-8D25F11F5745}.Debug|Any CPU.ActiveCfg = Debug|Any CPU
		{FD11B751-77D7-46A0-AA60-8D25F11F5745}.Debug|Any CPU.Build.0 = Debug|Any CPU
		{FD11B751-77D7-46A0-AA60-8D25F11F5745}.Release|Any CPU.ActiveCfg = Release|Any CPU
		{FD11B751-77D7-46A0-AA60-8D25F11F5745}.Release|Any CPU.Build.0 = Release|Any CPU
	EndGlobalSection
	GlobalSection(SolutionProperties) = preSolution
		HideSolutionNode = FALSE
	EndGlobalSection
	GlobalSection(ExtensibilityGlobals) = postSolution
		SolutionGuid = {5B205D9D-9B56-439A-B1B3-D87944078209}
	EndGlobalSection
EndGlobal
